{
  "name": "vanilla-ts-esw-example",
  "version": "1.0.0",
  "lockfileVersion": 2,
  "requires": true,
  "packages": {
    "": {
      "name": "vanilla-ts-esw-example",
      "version": "1.0.0",
      "license": "ISC",
      "dependencies": {
        "@ermolaev/esw": "^0.0.5"
      },
      "devDependencies": {
        "typescript": "^5.0.4"
      }
    },
    "node_modules/@ermolaev/esw": {
      "version": "0.0.5",
      "resolved": "https://registry.npmjs.org/@ermolaev/esw/-/esw-0.0.5.tgz",
      "integrity": "sha512-L8U4dYTxDPTegkdS8Ndw6STs1UPzMtIXAywLFZDMCCzgya87IPuW4w43zzl5Qfo64/qwHXcKBiMiJuKYu5ySmw=="
    },
    "node_modules/typescript": {
      "version": "5.0.4",
      "resolved": "https://registry.npmjs.org/typescript/-/typescript-5.0.4.tgz",
      "integrity": "sha512-cW9T5W9xY37cc+jfEnaUvX91foxtHkza3Nw3wkoF4sSlKn0MONdkdEndig/qPBWXNkmplh3NzayQzCiHM4/hqw==",
      "dev": true,
      "bin": {
        "tsc": "bin/tsc",
        "tsserver": "bin/tsserver"
      },
      "engines": {
        "node": ">=12.20"
      }
    }
  },
  "dependencies": {
    "@ermolaev/esw": {
      "version": "0.0.5",
      "resolved": "https://registry.npmjs.org/@ermolaev/esw/-/esw-0.0.5.tgz",
      "integrity": "sha512-L8U4dYTxDPTegkdS8Ndw6STs1UPzMtIXAywLFZDMCCzgya87IPuW4w43zzl5Qfo64/qwHXcKBiMiJuKYu5ySmw=="
    },
    "typescript": {
      "version": "5.0.4",
      "resolved": "https://registry.npmjs.org/typescript/-/typescript-5.0.4.tgz",
      "integrity": "sha512-cW9T5W9xY37cc+jfEnaUvX91foxtHkza3Nw3wkoF4sSlKn0MONdkdEndig/qPBWXNkmplh3NzayQzCiHM4/hqw==",
      "dev": true
    }
  }
}
